
Microsoft Visual Studio Solution File, Format Version 12.00
# Visual Studio Version 16
VisualStudioVersion = 16.0.34301.259
MinimumVisualStudioVersion = 10.0.40219.1
Project("{D954291E-2A0B-460D-934E-DC6B0785DB48}") = "Common.Core", "src\Common.Core\Common.Core.shproj", "{DD7D6945-54A6-4190-8F49-46A189EE32CD}"
EndProject
Project("{2150E333-8FDC-42A3-9474-1A3956D46DE8}") = "archive", "archive", "{AD19F107-FED6-4ABD-B57E-1D584CCF0EC1}"
	ProjectSection(SolutionItems) = preProject
		archive\AssetHelper.cs = archive\AssetHelper.cs
		archive\BoundsUtils.cs = archive\BoundsUtils.cs
		archive\DragManager.cs = archive\DragManager.cs
		archive\FreeHControl.cs = archive\FreeHControl.cs
		archive\SelfieCam.cs = archive\SelfieCam.cs
		archive\ShadowRealm.cs = archive\ShadowRealm.cs
		archive\StudioUX.cs = archive\StudioUX.cs
		archive\Unlocker.cs = archive\Unlocker.cs
	EndProjectSection
EndProject
Project("{D954291E-2A0B-460D-934E-DC6B0785DB48}") = "UIUtility", "src\UIUtility\UIUtility.shproj", "{7F30866A-1B8B-40F1-8960-0E203EEDE225}"
EndProject
Project("{2150E333-8FDC-42A3-9474-1A3956D46DE8}") = "src", "src", "{BA55B5E5-B0FD-465F-93F2-D73BD193AC86}"
	ProjectSection(SolutionItems) = preProject
		src\BuildSettings.Common.props = src\BuildSettings.Common.props
		src\BuildSettings.KoikatsuSunshine.props = src\BuildSettings.KoikatsuSunshine.props
		src\BuildSettings.Koikatu.props = src\BuildSettings.Koikatu.props
		src\BuildSettings.Patcher.props = src\BuildSettings.Patcher.props
		src\SkipAllRefs.targets = src\SkipAllRefs.targets
	EndProjectSection
EndProject
Project("{2150E333-8FDC-42A3-9474-1A3956D46DE8}") = "repo", "repo", "{29232F8B-47DA-426C-96D0-2BB0978765E2}"
	ProjectSection(SolutionItems) = preProject
		.editorconfig = .editorconfig
		.gitignore = .gitignore
		LICENSE = LICENSE
		nuget.config = nuget.config
		README.md = README.md
	EndProjectSection
EndProject
Project("{2150E333-8FDC-42A3-9474-1A3956D46DE8}") = "LightToggler", "LightToggler", "{4E206337-513B-4606-91D9-BA8CF14939CD}"
EndProject
Project("{D954291E-2A0B-460D-934E-DC6B0785DB48}") = "LightToggler.Core", "src\LightToggler.Core\LightToggler.Core.shproj", "{5DC1B6B6-264F-41EA-B079-5777F0503CDE}"
EndProject
Project("{9A19103F-16F7-4668-BE54-9A1E7A4F7556}") = "LightToggler.Koikatu", "src\LightToggler.Koikatu\LightToggler.Koikatu.csproj", "{398D13B4-5014-4EEA-8AA8-0E709EE9DAA3}"
EndProject
Project("{9A19103F-16F7-4668-BE54-9A1E7A4F7556}") = "LightToggler.KoikatuSunshine", "src\LightToggler.KoikatuSunshine\LightToggler.KoikatuSunshine.csproj", "{6C7097ED-8929-4F45-AF0F-E8253D981724}"
EndProject
Project("{2150E333-8FDC-42A3-9474-1A3956D46DE8}") = "MassShaderEditor", "MassShaderEditor", "{D2F7BC66-95ED-4228-9A6A-DCC2AC4E0F75}"
EndProject
Project("{D954291E-2A0B-460D-934E-DC6B0785DB48}") = "MassShaderEditor.Core", "src\MassShaderEditor.Core\MassShaderEditor.Core.shproj", "{BB145CBE-97F1-463D-9432-1A8532F002D6}"
EndProject
Project("{9A19103F-16F7-4668-BE54-9A1E7A4F7556}") = "MassShaderEditor.KoikatsuSunshine", "src\MassShaderEditor.KoikatsuSunshine\MassShaderEditor.KoikatsuSunshine.csproj", "{BB4E453F-3EB9-45DB-8CDA-F69B095DBD75}"
EndProject
Project("{9A19103F-16F7-4668-BE54-9A1E7A4F7556}") = "MassShaderEditor.Koikatu", "src\MassShaderEditor.Koikatu\MassShaderEditor.Koikatu.csproj", "{DAF81AD1-CD50-4376-B4C7-A9EFF12D933E}"
EndProject
Project("{2150E333-8FDC-42A3-9474-1A3956D46DE8}") = "AxisUnlocker", "AxisUnlocker", "{9320AAC2-533C-40AA-B35B-1CDEBFCE62CA}"
EndProject
Project("{D954291E-2A0B-460D-934E-DC6B0785DB48}") = "AxisUnlocker.Core", "src\AxisUnlocker.Core\AxisUnlocker.Core.shproj", "{4D1F9342-05C3-4B51-A466-D2B70951147F}"
EndProject
Project("{9A19103F-16F7-4668-BE54-9A1E7A4F7556}") = "AxisUnlocker.Koikatu", "src\AxisUnlocker.Koikatu\AxisUnlocker.Koikatu.csproj", "{5E472017-3D7D-4872-8A55-81C4D45E385D}"
EndProject
Project("{9A19103F-16F7-4668-BE54-9A1E7A4F7556}") = "AxisUnlocker.KoikatsuSunshine", "src\AxisUnlocker.KoikatsuSunshine\AxisUnlocker.KoikatsuSunshine.csproj", "{F5B32A1E-9AE6-4802-A2F7-FFE52022874B}"
EndProject
Project("{2150E333-8FDC-42A3-9474-1A3956D46DE8}") = "KKUSSFix", "KKUSSFix", "{DA3CCD70-A89E-4B36-987A-8468764E35B2}"
EndProject
Project("{D954291E-2A0B-460D-934E-DC6B0785DB48}") = "KKUSSSunshineFix.Core", "src\KKUSSSunshineFix.Core\KKUSSSunshineFix.Core.shproj", "{42328B54-C615-4EE3-A50F-DBB7FF37227B}"
EndProject
Project("{9A19103F-16F7-4668-BE54-9A1E7A4F7556}") = "KKUSSSunshineFix.KoikatsuSunshine", "src\KKUSSSunshineFix.KoikatsuSunshine\KKUSSSunshineFix.KoikatsuSunshine.csproj", "{6126DB87-FA2A-4A34-9CAF-4FBC866BA92C}"
EndProject
Global
	GlobalSection(SharedMSBuildProjectFiles) = preSolution
		src\Common.Core\Common.Core.projitems*{398d13b4-5014-4eea-8aa8-0e709ee9daa3}*SharedItemsImports = 5
		src\LightToggler.Core\LightToggler.Core.projitems*{398d13b4-5014-4eea-8aa8-0e709ee9daa3}*SharedItemsImports = 5
		src\KKUSSSunshineFix.Core\KKUSSSunshineFix.Core.projitems*{42328b54-c615-4ee3-a50f-dbb7ff37227b}*SharedItemsImports = 13
		src\AxisUnlocker.Core\AxisUnlocker.Core.projitems*{4d1f9342-05c3-4b51-a466-d2b70951147f}*SharedItemsImports = 13
		src\LightToggler.Core\LightToggler.Core.projitems*{5dc1b6b6-264f-41ea-b079-5777f0503cde}*SharedItemsImports = 13
		src\AxisUnlocker.Core\AxisUnlocker.Core.projitems*{5e472017-3d7d-4872-8a55-81c4d45e385d}*SharedItemsImports = 5
		src\Common.Core\Common.Core.projitems*{5e472017-3d7d-4872-8a55-81c4d45e385d}*SharedItemsImports = 5
		src\Common.Core\Common.Core.projitems*{6126db87-fa2a-4a34-9caf-4fbc866ba92c}*SharedItemsImports = 5
		src\KKUSSSunshineFix.Core\KKUSSSunshineFix.Core.projitems*{6126db87-fa2a-4a34-9caf-4fbc866ba92c}*SharedItemsImports = 5
		src\Common.Core\Common.Core.projitems*{6c7097ed-8929-4f45-af0f-e8253d981724}*SharedItemsImports = 5
		src\LightToggler.Core\LightToggler.Core.projitems*{6c7097ed-8929-4f45-af0f-e8253d981724}*SharedItemsImports = 5
		src\UIUtility\UIUtility.projitems*{7f30866a-1b8b-40f1-8960-0e203eede225}*SharedItemsImports = 13
		src\MassShaderEditor.Core\MassShaderEditor.Core.projitems*{bb145cbe-97f1-463d-9432-1a8532f002d6}*SharedItemsImports = 13
		src\Common.Core\Common.Core.projitems*{bb4e453f-3eb9-45db-8cda-f69b095dbd75}*SharedItemsImports = 5
		src\MassShaderEditor.Core\MassShaderEditor.Core.projitems*{bb4e453f-3eb9-45db-8cda-f69b095dbd75}*SharedItemsImports = 5
		src\Common.Core\Common.Core.projitems*{daf81ad1-cd50-4376-b4c7-a9eff12d933e}*SharedItemsImports = 5
		src\MassShaderEditor.Core\MassShaderEditor.Core.projitems*{daf81ad1-cd50-4376-b4c7-a9eff12d933e}*SharedItemsImports = 5
		src\Common.Core\Common.Core.projitems*{dd7d6945-54a6-4190-8f49-46a189ee32cd}*SharedItemsImports = 13
		src\AxisUnlocker.Core\AxisUnlocker.Core.projitems*{f5b32a1e-9ae6-4802-a2f7-ffe52022874b}*SharedItemsImports = 5
		src\Common.Core\Common.Core.projitems*{f5b32a1e-9ae6-4802-a2f7-ffe52022874b}*SharedItemsImports = 5
	EndGlobalSection
	GlobalSection(SolutionConfigurationPlatforms) = preSolution
		Debug|Any CPU = Debug|Any CPU
		Release|Any CPU = Release|Any CPU
	EndGlobalSection
	GlobalSection(ProjectConfigurationPlatforms) = postSolution
		{398D13B4-5014-4EEA-8AA8-0E709EE9DAA3}.Debug|Any CPU.ActiveCfg = Debug|Any CPU
		{398D13B4-5014-4EEA-8AA8-0E709EE9DAA3}.Debug|Any CPU.Build.0 = Debug|Any CPU
		{398D13B4-5014-4EEA-8AA8-0E709EE9DAA3}.Release|Any CPU.ActiveCfg = Release|Any CPU
		{398D13B4-5014-4EEA-8AA8-0E709EE9DAA3}.Release|Any CPU.Build.0 = Release|Any CPU
		{6C7097ED-8929-4F45-AF0F-E8253D981724}.Debug|Any CPU.ActiveCfg = Debug|Any CPU
		{6C7097ED-8929-4F45-AF0F-E8253D981724}.Debug|Any CPU.Build.0 = Debug|Any CPU
		{6C7097ED-8929-4F45-AF0F-E8253D981724}.Release|Any CPU.ActiveCfg = Release|Any CPU
		{6C7097ED-8929-4F45-AF0F-E8253D981724}.Release|Any CPU.Build.0 = Release|Any CPU
		{BB4E453F-3EB9-45DB-8CDA-F69B095DBD75}.Debug|Any CPU.ActiveCfg = Debug|Any CPU
		{BB4E453F-3EB9-45DB-8CDA-F69B095DBD75}.Debug|Any CPU.Build.0 = Debug|Any CPU
		{BB4E453F-3EB9-45DB-8CDA-F69B095DBD75}.Release|Any CPU.ActiveCfg = Release|Any CPU
		{BB4E453F-3EB9-45DB-8CDA-F69B095DBD75}.Release|Any CPU.Build.0 = Release|Any CPU
		{DAF81AD1-CD50-4376-B4C7-A9EFF12D933E}.Debug|Any CPU.ActiveCfg = Debug|Any CPU
		{DAF81AD1-CD50-4376-B4C7-A9EFF12D933E}.Debug|Any CPU.Build.0 = Debug|Any CPU
		{DAF81AD1-CD50-4376-B4C7-A9EFF12D933E}.Release|Any CPU.ActiveCfg = Release|Any CPU
		{DAF81AD1-CD50-4376-B4C7-A9EFF12D933E}.Release|Any CPU.Build.0 = Release|Any CPU
		{5E472017-3D7D-4872-8A55-81C4D45E385D}.Debug|Any CPU.ActiveCfg = Debug|Any CPU
		{5E472017-3D7D-4872-8A55-81C4D45E385D}.Debug|Any CPU.Build.0 = Debug|Any CPU
		{5E472017-3D7D-4872-8A55-81C4D45E385D}.Release|Any CPU.ActiveCfg = Release|Any CPU
		{5E472017-3D7D-4872-8A55-81C4D45E385D}.Release|Any CPU.Build.0 = Release|Any CPU
		{F5B32A1E-9AE6-4802-A2F7-FFE52022874B}.Debug|Any CPU.ActiveCfg = Debug|Any CPU
		{F5B32A1E-9AE6-4802-A2F7-FFE52022874B}.Debug|Any CPU.Build.0 = Debug|Any CPU
		{F5B32A1E-9AE6-4802-A2F7-FFE52022874B}.Release|Any CPU.ActiveCfg = Release|Any CPU
		{F5B32A1E-9AE6-4802-A2F7-FFE52022874B}.Release|Any CPU.Build.0 = Release|Any CPU
		{6126DB87-FA2A-4A34-9CAF-4FBC866BA92C}.Debug|Any CPU.ActiveCfg = Debug|Any CPU
		{6126DB87-FA2A-4A34-9CAF-4FBC866BA92C}.Debug|Any CPU.Build.0 = Debug|Any CPU
		{6126DB87-FA2A-4A34-9CAF-4FBC866BA92C}.Release|Any CPU.ActiveCfg = Release|Any CPU
		{6126DB87-FA2A-4A34-9CAF-4FBC866BA92C}.Release|Any CPU.Build.0 = Release|Any CPU
	EndGlobalSection
	GlobalSection(SolutionProperties) = preSolution
		HideSolutionNode = FALSE
	EndGlobalSection
	GlobalSection(NestedProjects) = preSolution
		{DD7D6945-54A6-4190-8F49-46A189EE32CD} = {BA55B5E5-B0FD-465F-93F2-D73BD193AC86}
		{7F30866A-1B8B-40F1-8960-0E203EEDE225} = {BA55B5E5-B0FD-465F-93F2-D73BD193AC86}
		{4E206337-513B-4606-91D9-BA8CF14939CD} = {BA55B5E5-B0FD-465F-93F2-D73BD193AC86}
		{5DC1B6B6-264F-41EA-B079-5777F0503CDE} = {4E206337-513B-4606-91D9-BA8CF14939CD}
		{398D13B4-5014-4EEA-8AA8-0E709EE9DAA3} = {4E206337-513B-4606-91D9-BA8CF14939CD}
		{6C7097ED-8929-4F45-AF0F-E8253D981724} = {4E206337-513B-4606-91D9-BA8CF14939CD}
		{D2F7BC66-95ED-4228-9A6A-DCC2AC4E0F75} = {BA55B5E5-B0FD-465F-93F2-D73BD193AC86}
		{BB145CBE-97F1-463D-9432-1A8532F002D6} = {D2F7BC66-95ED-4228-9A6A-DCC2AC4E0F75}
		{BB4E453F-3EB9-45DB-8CDA-F69B095DBD75} = {D2F7BC66-95ED-4228-9A6A-DCC2AC4E0F75}
		{DAF81AD1-CD50-4376-B4C7-A9EFF12D933E} = {D2F7BC66-95ED-4228-9A6A-DCC2AC4E0F75}
		{9320AAC2-533C-40AA-B35B-1CDEBFCE62CA} = {BA55B5E5-B0FD-465F-93F2-D73BD193AC86}
		{4D1F9342-05C3-4B51-A466-D2B70951147F} = {9320AAC2-533C-40AA-B35B-1CDEBFCE62CA}
		{5E472017-3D7D-4872-8A55-81C4D45E385D} = {9320AAC2-533C-40AA-B35B-1CDEBFCE62CA}
		{F5B32A1E-9AE6-4802-A2F7-FFE52022874B} = {9320AAC2-533C-40AA-B35B-1CDEBFCE62CA}
		{DA3CCD70-A89E-4B36-987A-8468764E35B2} = {BA55B5E5-B0FD-465F-93F2-D73BD193AC86}
		{42328B54-C615-4EE3-A50F-DBB7FF37227B} = {DA3CCD70-A89E-4B36-987A-8468764E35B2}
		{6126DB87-FA2A-4A34-9CAF-4FBC866BA92C} = {DA3CCD70-A89E-4B36-987A-8468764E35B2}
	EndGlobalSection
	GlobalSection(ExtensibilityGlobals) = postSolution
		SolutionGuid = {CECC9C6B-8041-49A1-B7FD-DC89264B7393}
	EndGlobalSection
EndGlobal
