
Microsoft Visual Studio Solution File, Format Version 12.00
# Visual Studio Version 17
VisualStudioVersion = 17.9.34723.18
MinimumVisualStudioVersion = 10.0.40219.1
Project("{D954291E-2A0B-460D-934E-DC6B0785DB48}") = "Common.Core", "src\Common.Core\Common.Core.shproj", "{DD7D6945-54A6-4190-8F49-46A189EE32CD}"
EndProject
Project("{D954291E-2A0B-460D-934E-DC6B0785DB48}") = "UIUtility", "src\UIUtility\UIUtility.shproj", "{7F30866A-1B8B-40F1-8960-0E203EEDE225}"
EndProject
Project("{2150E333-8FDC-42A3-9474-1A3956D46DE8}") = "src", "src", "{BA55B5E5-B0FD-465F-93F2-D73BD193AC86}"
	ProjectSection(SolutionItems) = preProject
		src\BuildSettings.Common.props = src\BuildSettings.Common.props
		src\BuildSettings.KoikatsuSunshine.props = src\BuildSettings.KoikatsuSunshine.props
		src\BuildSettings.Koikatu.props = src\BuildSettings.Koikatu.props
		src\BuildSettings.Patcher.props = src\BuildSettings.Patcher.props
		src\SkipAllRefs.targets = src\SkipAllRefs.targets
	EndProjectSection
EndProject
Project("{2150E333-8FDC-42A3-9474-1A3956D46DE8}") = "repo", "repo", "{29232F8B-47DA-426C-96D0-2BB0978765E2}"
	ProjectSection(SolutionItems) = preProject
		.editorconfig = .editorconfig
		.gitignore = .gitignore
		LICENSE = LICENSE
		nuget.config = nuget.config
		README.md = README.md
	EndProjectSection
EndProject
Project("{2150E333-8FDC-42A3-9474-1A3956D46DE8}") = "LightToggler", "LightToggler", "{4E206337-513B-4606-91D9-BA8CF14939CD}"
EndProject
Project("{D954291E-2A0B-460D-934E-DC6B0785DB48}") = "LightToggler.Core", "src\LightToggler.Core\LightToggler.Core.shproj", "{5DC1B6B6-264F-41EA-B079-5777F0503CDE}"
EndProject
Project("{9A19103F-16F7-4668-BE54-9A1E7A4F7556}") = "LightToggler.Koikatu", "src\LightToggler.Koikatu\LightToggler.Koikatu.csproj", "{398D13B4-5014-4EEA-8AA8-0E709EE9DAA3}"
EndProject
Project("{9A19103F-16F7-4668-BE54-9A1E7A4F7556}") = "LightToggler.KoikatuSunshine", "src\LightToggler.KoikatuSunshine\LightToggler.KoikatuSunshine.csproj", "{6C7097ED-8929-4F45-AF0F-E8253D981724}"
EndProject
Project("{2150E333-8FDC-42A3-9474-1A3956D46DE8}") = "MassShaderEditor", "MassShaderEditor", "{D2F7BC66-95ED-4228-9A6A-DCC2AC4E0F75}"
EndProject
Project("{D954291E-2A0B-460D-934E-DC6B0785DB48}") = "MassShaderEditor.Core", "src\MassShaderEditor.Core\MassShaderEditor.Core.shproj", "{BB145CBE-97F1-463D-9432-1A8532F002D6}"
EndProject
Project("{9A19103F-16F7-4668-BE54-9A1E7A4F7556}") = "MassShaderEditor.KoikatsuSunshine", "src\MassShaderEditor.KoikatsuSunshine\MassShaderEditor.KoikatsuSunshine.csproj", "{BB4E453F-3EB9-45DB-8CDA-F69B095DBD75}"
EndProject
Project("{9A19103F-16F7-4668-BE54-9A1E7A4F7556}") = "MassShaderEditor.Koikatu", "src\MassShaderEditor.Koikatu\MassShaderEditor.Koikatu.csproj", "{DAF81AD1-CD50-4376-B4C7-A9EFF12D933E}"
EndProject
Project("{2150E333-8FDC-42A3-9474-1A3956D46DE8}") = "AxisUnlocker", "AxisUnlocker", "{9320AAC2-533C-40AA-B35B-1CDEBFCE62CA}"
EndProject
Project("{D954291E-2A0B-460D-934E-DC6B0785DB48}") = "AxisUnlocker.Core", "src\AxisUnlocker.Core\AxisUnlocker.Core.shproj", "{4D1F9342-05C3-4B51-A466-D2B70951147F}"
EndProject
Project("{9A19103F-16F7-4668-BE54-9A1E7A4F7556}") = "AxisUnlocker.Koikatu", "src\AxisUnlocker.Koikatu\AxisUnlocker.Koikatu.csproj", "{5E472017-3D7D-4872-8A55-81C4D45E385D}"
EndProject
Project("{9A19103F-16F7-4668-BE54-9A1E7A4F7556}") = "AxisUnlocker.KoikatsuSunshine", "src\AxisUnlocker.KoikatsuSunshine\AxisUnlocker.KoikatsuSunshine.csproj", "{F5B32A1E-9AE6-4802-A2F7-FFE52022874B}"
EndProject
Project("{2150E333-8FDC-42A3-9474-1A3956D46DE8}") = "ShaderFixer", "ShaderFixer", "{DA3CCD70-A89E-4B36-987A-8468764E35B2}"
EndProject
Project("{D954291E-2A0B-460D-934E-DC6B0785DB48}") = "ShaderFixer.Core", "src\ShaderFixer.Core\ShaderFixer.Core.shproj", "{42328B54-C615-4EE3-A50F-DBB7FF37227B}"
EndProject
Project("{9A19103F-16F7-4668-BE54-9A1E7A4F7556}") = "ShaderFixer.KoikatsuSunshine", "src\ShaderFixer.KoikatsuSunshine\ShaderFixer.KoikatsuSunshine.csproj", "{6126DB87-FA2A-4A34-9CAF-4FBC866BA92C}"
EndProject
Project("{2150E333-8FDC-42A3-9474-1A3956D46DE8}") = "BetterScaling", "BetterScaling", "{64501AB3-0DE5-4972-904C-539467140363}"
EndProject
Project("{D954291E-2A0B-460D-934E-DC6B0785DB48}") = "BetterScaling.Core", "src\BetterScaling.Core\BetterScaling.Core.shproj", "{6C9E0956-133B-47C3-9F24-4D17F134CCDF}"
EndProject
Project("{9A19103F-16F7-4668-BE54-9A1E7A4F7556}") = "BetterScaling.Koikatu", "src\BetterScaling.Koikatu\BetterScaling.Koikatu.csproj", "{AF8BC6D8-91AF-41EB-8247-975D7632B851}"
EndProject
Project("{9A19103F-16F7-4668-BE54-9A1E7A4F7556}") = "BetterScaling.KoikatsuSunshine", "src\BetterScaling.KoikatsuSunshine\BetterScaling.KoikatsuSunshine.csproj", "{48E9A9FD-5F8B-4F1C-B8E1-07139E5211EA}"
EndProject
Project("{2150E333-8FDC-42A3-9474-1A3956D46DE8}") = "ExpressionControl", "ExpressionControl", "{A33CCE5D-41AA-4846-80D0-608EC7832250}"
EndProject
Project("{D954291E-2A0B-460D-934E-DC6B0785DB48}") = "ExpressionControl.Core", "src\ExpressionControl.Core\ExpressionControl.Core.shproj", "{ED304EA2-C78E-4541-A168-A7E7E90CCD8E}"
EndProject
Project("{9A19103F-16F7-4668-BE54-9A1E7A4F7556}") = "KK_ExpressionControl", "src\ExpressionControl.Koikatu\KK_ExpressionControl.csproj", "{C58519A3-6DB8-4D21-BB96-94D8F047A2BF}"
EndProject
Project("{9A19103F-16F7-4668-BE54-9A1E7A4F7556}") = "KKS_ExpressionControl", "src\ExpressionControl.KoikatsuSunshine\KKS_ExpressionControl.csproj", "{CCD84DE9-A0CE-4E78-977C-2A49258B9367}"
EndProject
Project("{2150E333-8FDC-42A3-9474-1A3956D46DE8}") = "LightSettings", "LightSettings", "{136E1275-DD8F-4607-B62E-CCAB3F14CE8F}"
EndProject
Project("{D954291E-2A0B-460D-934E-DC6B0785DB48}") = "LightSettings.Core", "src\LightSettings.Core\LightSettings.Core.shproj", "{7FECD315-6E2B-4DEA-9E3B-2EAEBDA1393E}"
EndProject
Project("{9A19103F-16F7-4668-BE54-9A1E7A4F7556}") = "LightSettings.Koikatu", "src\LightSettings.Koikatu\LightSettings.Koikatu.csproj", "{3363E86D-5FBF-4088-881E-AC96753AE018}"
EndProject
Project("{9A19103F-16F7-4668-BE54-9A1E7A4F7556}") = "LightSettings.KoikatsuSunshine", "src\LightSettings.KoikatsuSunshine\LightSettings.KoikatsuSunshine.csproj", "{52F2849B-2C10-4172-AE60-4887C45E3D4C}"
EndProject
Project("{9A19103F-16F7-4668-BE54-9A1E7A4F7556}") = "ShaderFixer.Koikatu", "src\ShaderFixer.Koikatu\ShaderFixer.Koikatu.csproj", "{47904CA0-14FA-4295-B8F9-32FC3E5E6483}"
EndProject
Project("{2150E333-8FDC-42A3-9474-1A3956D46DE8}") = "KKShadowPatcher", "KKShadowPatcher", "{CE982ADA-973C-4179-B20D-0B35B793C70A}"
EndProject
Project("{D954291E-2A0B-460D-934E-DC6B0785DB48}") = "KKShadowPatcher.Core", "src\KKShadowPatcher.Core\KKShadowPatcher.Core.shproj", "{6235EA3F-9921-4B3C-93EF-A0C39A397FAC}"
EndProject
Project("{9A19103F-16F7-4668-BE54-9A1E7A4F7556}") = "KKShadowPatcher.Koikatu", "src\KKShadowPatcher.Koikatu\KKShadowPatcher.Koikatu.csproj", "{12BCEEF7-38A9-4465-8A6C-43AF970C7694}"
EndProject
Project("{2150E333-8FDC-42A3-9474-1A3956D46DE8}") = "Performancer", "Performancer", "{C3BE7EDA-112E-42E5-9799-9A8031D413D0}"
EndProject
Project("{D954291E-2A0B-460D-934E-DC6B0785DB48}") = "Performancer.Core", "src\Performancer.Core\Performancer.Core.shproj", "{4A34FF60-88E7-4C37-856B-7FF74BBB1637}"
EndProject
Project("{9A19103F-16F7-4668-BE54-9A1E7A4F7556}") = "Performancer.Koikatu", "src\Performancer.Koikatu\Performancer.Koikatu.csproj", "{FF8DE829-124B-49E9-A863-1C0C47D21BD9}"
EndProject
Project("{9A19103F-16F7-4668-BE54-9A1E7A4F7556}") = "Performancer.KoikatsuSunshine", "src\Performancer.KoikatsuSunshine\Performancer.KoikatsuSunshine.csproj", "{58B56043-18BD-4232-A972-CF5050C0F9A1}"
EndProject
Project("{2150E333-8FDC-42A3-9474-1A3956D46DE8}") = "AAAAAAAAAAAA", "AAAAAAAAAAAA", "{9D9EC449-F1E3-4111-941B-5CAE1FF14C36}"
EndProject
Project("{D954291E-2A0B-460D-934E-DC6B0785DB48}") = "AAAAAAAAAAAA.Core", "src\AAAAAAAAAAAA.Core\AAAAAAAAAAAA.Core.shproj", "{50BF2843-037C-4205-962D-AA04731C5171}"
EndProject
Project("{9A19103F-16F7-4668-BE54-9A1E7A4F7556}") = "AAAAAAAAAAAA.KoikatsuSunshine", "src\AAAAAAAAAAAA.KoikatsuSunshine\AAAAAAAAAAAA.KoikatsuSunshine.csproj", "{74FD20AE-AD62-42C8-96AE-74898488F0C8}"
EndProject
Project("{9A19103F-16F7-4668-BE54-9A1E7A4F7556}") = "AAAAAAAAAAAA.Koikatu", "src\AAAAAAAAAAAA.Koikatu\AAAAAAAAAAAA.Koikatu.csproj", "{0682DD54-90A8-449D-80DC-19A025F2A621}"
EndProject
Project("{2150E333-8FDC-42A3-9474-1A3956D46DE8}") = "AccMover", "AccMover", "{BD03AF87-564B-4375-877D-29E1D68743EA}"
EndProject
Project("{D954291E-2A0B-460D-934E-DC6B0785DB48}") = "AccMover.Core", "src\AccMover.Core\AccMover.Core.shproj", "{C745AECC-E95B-4B3D-85FE-8DF3E4BE9106}"
EndProject
Project("{9A19103F-16F7-4668-BE54-9A1E7A4F7556}") = "AccMover.Koikatu", "src\AccMover.Koikatu\AccMover.Koikatu.csproj", "{8F8C71F5-CACB-4015-A288-BE58F9065376}"
EndProject
Project("{9A19103F-16F7-4668-BE54-9A1E7A4F7556}") = "AccMover.KoikatsuSunshine", "src\AccMover.KoikatsuSunshine\AccMover.KoikatsuSunshine.csproj", "{F885BC75-56EE-4B2D-BAD1-AD9B727766A2}"
EndProject
Project("{2150E333-8FDC-42A3-9474-1A3956D46DE8}") = "CursorIndicator", "CursorIndicator", "{30491D9B-EC82-43CD-A16F-A642FCA144A5}"
EndProject
Project("{D954291E-2A0B-460D-934E-DC6B0785DB48}") = "CursorIndicator.Core", "src\CursorIndicator.Core\CursorIndicator.Core.shproj", "{2B1DC1B2-1145-447B-A8EB-76B3DC2AA1E6}"
EndProject
Project("{9A19103F-16F7-4668-BE54-9A1E7A4F7556}") = "CursorIndicator.Koikatu", "src\CursorIndicator.Koikatu\CursorIndicator.Koikatu.csproj", "{9FA45274-9E07-4B06-ACC2-DD6E360A8564}"
EndProject
Project("{9A19103F-16F7-4668-BE54-9A1E7A4F7556}") = "CursorIndicator.KoikatsuSunshine", "src\CursorIndicator.KoikatsuSunshine\CursorIndicator.KoikatsuSunshine.csproj", "{B704639F-576A-4458-838C-90AB8F6EEA23}"
EndProject
Project("{2150E333-8FDC-42A3-9474-1A3956D46DE8}") = "ViewpointSwitching", "ViewpointSwitching", "{02EA681E-C7D8-13C7-8484-4AC65E1B71E8}"
EndProject
Project("{D954291E-2A0B-460D-934E-DC6B0785DB48}") = "ViewpointSwitching.Core", "src\ViewpointSwitching.Core\ViewpointSwitching.Core.shproj", "{C6A6E09A-1201-49CE-A93C-536B830EABD5}"
EndProject
Project("{FAE04EC0-301F-11D3-BF4B-00C04F79EFBC}") = "ViewpointSwitching.Koikatu", "src\ViewpointSwitching.Koikatu\ViewpointSwitching.Koikatu.csproj", "{1AB37FD0-4861-CD65-156F-EDAFE9F6885F}"
EndProject
Project("{FAE04EC0-301F-11D3-BF4B-00C04F79EFBC}") = "ViewpointSwitching.KoikatsuSunshine", "src\ViewpointSwitching.KoikatsuSunshine\ViewpointSwitching.KoikatsuSunshine.csproj", "{405D88BE-CF08-35E2-E4F4-E1301B7A8EAB}"
EndProject
Global
	GlobalSection(SolutionConfigurationPlatforms) = preSolution
		Debug|Any CPU = Debug|Any CPU
		Release|Any CPU = Release|Any CPU
	EndGlobalSection
	GlobalSection(ProjectConfigurationPlatforms) = postSolution
		{398D13B4-5014-4EEA-8AA8-0E709EE9DAA3}.Debug|Any CPU.ActiveCfg = Debug|Any CPU
		{398D13B4-5014-4EEA-8AA8-0E709EE9DAA3}.Debug|Any CPU.Build.0 = Debug|Any CPU
		{398D13B4-5014-4EEA-8AA8-0E709EE9DAA3}.Release|Any CPU.ActiveCfg = Release|Any CPU
		{398D13B4-5014-4EEA-8AA8-0E709EE9DAA3}.Release|Any CPU.Build.0 = Release|Any CPU
		{6C7097ED-8929-4F45-AF0F-E8253D981724}.Debug|Any CPU.ActiveCfg = Debug|Any CPU
		{6C7097ED-8929-4F45-AF0F-E8253D981724}.Debug|Any CPU.Build.0 = Debug|Any CPU
		{6C7097ED-8929-4F45-AF0F-E8253D981724}.Release|Any CPU.ActiveCfg = Release|Any CPU
		{6C7097ED-8929-4F45-AF0F-E8253D981724}.Release|Any CPU.Build.0 = Release|Any CPU
		{BB4E453F-3EB9-45DB-8CDA-F69B095DBD75}.Debug|Any CPU.ActiveCfg = Debug|Any CPU
		{BB4E453F-3EB9-45DB-8CDA-F69B095DBD75}.Debug|Any CPU.Build.0 = Debug|Any CPU
		{BB4E453F-3EB9-45DB-8CDA-F69B095DBD75}.Release|Any CPU.ActiveCfg = Release|Any CPU
		{BB4E453F-3EB9-45DB-8CDA-F69B095DBD75}.Release|Any CPU.Build.0 = Release|Any CPU
		{DAF81AD1-CD50-4376-B4C7-A9EFF12D933E}.Debug|Any CPU.ActiveCfg = Debug|Any CPU
		{DAF81AD1-CD50-4376-B4C7-A9EFF12D933E}.Debug|Any CPU.Build.0 = Debug|Any CPU
		{DAF81AD1-CD50-4376-B4C7-A9EFF12D933E}.Release|Any CPU.ActiveCfg = Release|Any CPU
		{DAF81AD1-CD50-4376-B4C7-A9EFF12D933E}.Release|Any CPU.Build.0 = Release|Any CPU
		{5E472017-3D7D-4872-8A55-81C4D45E385D}.Debug|Any CPU.ActiveCfg = Debug|Any CPU
		{5E472017-3D7D-4872-8A55-81C4D45E385D}.Debug|Any CPU.Build.0 = Debug|Any CPU
		{5E472017-3D7D-4872-8A55-81C4D45E385D}.Release|Any CPU.ActiveCfg = Release|Any CPU
		{5E472017-3D7D-4872-8A55-81C4D45E385D}.Release|Any CPU.Build.0 = Release|Any CPU
		{F5B32A1E-9AE6-4802-A2F7-FFE52022874B}.Debug|Any CPU.ActiveCfg = Debug|Any CPU
		{F5B32A1E-9AE6-4802-A2F7-FFE52022874B}.Debug|Any CPU.Build.0 = Debug|Any CPU
		{F5B32A1E-9AE6-4802-A2F7-FFE52022874B}.Release|Any CPU.ActiveCfg = Release|Any CPU
		{F5B32A1E-9AE6-4802-A2F7-FFE52022874B}.Release|Any CPU.Build.0 = Release|Any CPU
		{6126DB87-FA2A-4A34-9CAF-4FBC866BA92C}.Debug|Any CPU.ActiveCfg = Debug|Any CPU
		{6126DB87-FA2A-4A34-9CAF-4FBC866BA92C}.Debug|Any CPU.Build.0 = Debug|Any CPU
		{6126DB87-FA2A-4A34-9CAF-4FBC866BA92C}.Release|Any CPU.ActiveCfg = Release|Any CPU
		{6126DB87-FA2A-4A34-9CAF-4FBC866BA92C}.Release|Any CPU.Build.0 = Release|Any CPU
		{AF8BC6D8-91AF-41EB-8247-975D7632B851}.Debug|Any CPU.ActiveCfg = Debug|Any CPU
		{AF8BC6D8-91AF-41EB-8247-975D7632B851}.Debug|Any CPU.Build.0 = Debug|Any CPU
		{AF8BC6D8-91AF-41EB-8247-975D7632B851}.Release|Any CPU.ActiveCfg = Release|Any CPU
		{AF8BC6D8-91AF-41EB-8247-975D7632B851}.Release|Any CPU.Build.0 = Release|Any CPU
		{48E9A9FD-5F8B-4F1C-B8E1-07139E5211EA}.Debug|Any CPU.ActiveCfg = Debug|Any CPU
		{48E9A9FD-5F8B-4F1C-B8E1-07139E5211EA}.Debug|Any CPU.Build.0 = Debug|Any CPU
		{48E9A9FD-5F8B-4F1C-B8E1-07139E5211EA}.Release|Any CPU.ActiveCfg = Release|Any CPU
		{48E9A9FD-5F8B-4F1C-B8E1-07139E5211EA}.Release|Any CPU.Build.0 = Release|Any CPU
		{C58519A3-6DB8-4D21-BB96-94D8F047A2BF}.Debug|Any CPU.ActiveCfg = Debug|Any CPU
		{C58519A3-6DB8-4D21-BB96-94D8F047A2BF}.Debug|Any CPU.Build.0 = Debug|Any CPU
		{C58519A3-6DB8-4D21-BB96-94D8F047A2BF}.Release|Any CPU.ActiveCfg = Release|Any CPU
		{C58519A3-6DB8-4D21-BB96-94D8F047A2BF}.Release|Any CPU.Build.0 = Release|Any CPU
		{CCD84DE9-A0CE-4E78-977C-2A49258B9367}.Debug|Any CPU.ActiveCfg = Debug|Any CPU
		{CCD84DE9-A0CE-4E78-977C-2A49258B9367}.Debug|Any CPU.Build.0 = Debug|Any CPU
		{CCD84DE9-A0CE-4E78-977C-2A49258B9367}.Release|Any CPU.ActiveCfg = Release|Any CPU
		{CCD84DE9-A0CE-4E78-977C-2A49258B9367}.Release|Any CPU.Build.0 = Release|Any CPU
		{3363E86D-5FBF-4088-881E-AC96753AE018}.Debug|Any CPU.ActiveCfg = Debug|Any CPU
		{3363E86D-5FBF-4088-881E-AC96753AE018}.Debug|Any CPU.Build.0 = Debug|Any CPU
		{3363E86D-5FBF-4088-881E-AC96753AE018}.Release|Any CPU.ActiveCfg = Release|Any CPU
		{3363E86D-5FBF-4088-881E-AC96753AE018}.Release|Any CPU.Build.0 = Release|Any CPU
		{52F2849B-2C10-4172-AE60-4887C45E3D4C}.Debug|Any CPU.ActiveCfg = Debug|Any CPU
		{52F2849B-2C10-4172-AE60-4887C45E3D4C}.Debug|Any CPU.Build.0 = Debug|Any CPU
		{52F2849B-2C10-4172-AE60-4887C45E3D4C}.Release|Any CPU.ActiveCfg = Release|Any CPU
		{52F2849B-2C10-4172-AE60-4887C45E3D4C}.Release|Any CPU.Build.0 = Release|Any CPU
		{47904CA0-14FA-4295-B8F9-32FC3E5E6483}.Debug|Any CPU.ActiveCfg = Debug|Any CPU
		{47904CA0-14FA-4295-B8F9-32FC3E5E6483}.Debug|Any CPU.Build.0 = Debug|Any CPU
		{47904CA0-14FA-4295-B8F9-32FC3E5E6483}.Release|Any CPU.ActiveCfg = Release|Any CPU
		{47904CA0-14FA-4295-B8F9-32FC3E5E6483}.Release|Any CPU.Build.0 = Release|Any CPU
		{12BCEEF7-38A9-4465-8A6C-43AF970C7694}.Debug|Any CPU.ActiveCfg = Debug|Any CPU
		{12BCEEF7-38A9-4465-8A6C-43AF970C7694}.Debug|Any CPU.Build.0 = Debug|Any CPU
		{12BCEEF7-38A9-4465-8A6C-43AF970C7694}.Release|Any CPU.ActiveCfg = Release|Any CPU
		{12BCEEF7-38A9-4465-8A6C-43AF970C7694}.Release|Any CPU.Build.0 = Release|Any CPU
		{FF8DE829-124B-49E9-A863-1C0C47D21BD9}.Debug|Any CPU.ActiveCfg = Debug|Any CPU
		{FF8DE829-124B-49E9-A863-1C0C47D21BD9}.Debug|Any CPU.Build.0 = Debug|Any CPU
		{FF8DE829-124B-49E9-A863-1C0C47D21BD9}.Release|Any CPU.ActiveCfg = Release|Any CPU
		{FF8DE829-124B-49E9-A863-1C0C47D21BD9}.Release|Any CPU.Build.0 = Release|Any CPU
		{58B56043-18BD-4232-A972-CF5050C0F9A1}.Debug|Any CPU.ActiveCfg = Debug|Any CPU
		{58B56043-18BD-4232-A972-CF5050C0F9A1}.Debug|Any CPU.Build.0 = Debug|Any CPU
		{58B56043-18BD-4232-A972-CF5050C0F9A1}.Release|Any CPU.ActiveCfg = Release|Any CPU
		{58B56043-18BD-4232-A972-CF5050C0F9A1}.Release|Any CPU.Build.0 = Release|Any CPU
		{74FD20AE-AD62-42C8-96AE-74898488F0C8}.Debug|Any CPU.ActiveCfg = Debug|Any CPU
		{74FD20AE-AD62-42C8-96AE-74898488F0C8}.Debug|Any CPU.Build.0 = Debug|Any CPU
		{74FD20AE-AD62-42C8-96AE-74898488F0C8}.Release|Any CPU.ActiveCfg = Release|Any CPU
		{74FD20AE-AD62-42C8-96AE-74898488F0C8}.Release|Any CPU.Build.0 = Release|Any CPU
		{0682DD54-90A8-449D-80DC-19A025F2A621}.Debug|Any CPU.ActiveCfg = Debug|Any CPU
		{0682DD54-90A8-449D-80DC-19A025F2A621}.Debug|Any CPU.Build.0 = Debug|Any CPU
		{0682DD54-90A8-449D-80DC-19A025F2A621}.Release|Any CPU.ActiveCfg = Release|Any CPU
		{0682DD54-90A8-449D-80DC-19A025F2A621}.Release|Any CPU.Build.0 = Release|Any CPU
		{8F8C71F5-CACB-4015-A288-BE58F9065376}.Debug|Any CPU.ActiveCfg = Debug|Any CPU
		{8F8C71F5-CACB-4015-A288-BE58F9065376}.Debug|Any CPU.Build.0 = Debug|Any CPU
		{8F8C71F5-CACB-4015-A288-BE58F9065376}.Release|Any CPU.ActiveCfg = Release|Any CPU
		{8F8C71F5-CACB-4015-A288-BE58F9065376}.Release|Any CPU.Build.0 = Release|Any CPU
		{F885BC75-56EE-4B2D-BAD1-AD9B727766A2}.Debug|Any CPU.ActiveCfg = Debug|Any CPU
		{F885BC75-56EE-4B2D-BAD1-AD9B727766A2}.Debug|Any CPU.Build.0 = Debug|Any CPU
		{F885BC75-56EE-4B2D-BAD1-AD9B727766A2}.Release|Any CPU.ActiveCfg = Release|Any CPU
		{F885BC75-56EE-4B2D-BAD1-AD9B727766A2}.Release|Any CPU.Build.0 = Release|Any CPU
		{9FA45274-9E07-4B06-ACC2-DD6E360A8564}.Debug|Any CPU.ActiveCfg = Debug|Any CPU
		{9FA45274-9E07-4B06-ACC2-DD6E360A8564}.Debug|Any CPU.Build.0 = Debug|Any CPU
		{9FA45274-9E07-4B06-ACC2-DD6E360A8564}.Release|Any CPU.ActiveCfg = Release|Any CPU
		{9FA45274-9E07-4B06-ACC2-DD6E360A8564}.Release|Any CPU.Build.0 = Release|Any CPU
		{B704639F-576A-4458-838C-90AB8F6EEA23}.Debug|Any CPU.ActiveCfg = Debug|Any CPU
		{B704639F-576A-4458-838C-90AB8F6EEA23}.Debug|Any CPU.Build.0 = Debug|Any CPU
		{B704639F-576A-4458-838C-90AB8F6EEA23}.Release|Any CPU.ActiveCfg = Release|Any CPU
		{B704639F-576A-4458-838C-90AB8F6EEA23}.Release|Any CPU.Build.0 = Release|Any CPU
		{1AB37FD0-4861-CD65-156F-EDAFE9F6885F}.Debug|Any CPU.ActiveCfg = Debug|Any CPU
		{1AB37FD0-4861-CD65-156F-EDAFE9F6885F}.Debug|Any CPU.Build.0 = Debug|Any CPU
		{1AB37FD0-4861-CD65-156F-EDAFE9F6885F}.Release|Any CPU.ActiveCfg = Release|Any CPU
		{1AB37FD0-4861-CD65-156F-EDAFE9F6885F}.Release|Any CPU.Build.0 = Release|Any CPU
		{405D88BE-CF08-35E2-E4F4-E1301B7A8EAB}.Debug|Any CPU.ActiveCfg = Debug|Any CPU
		{405D88BE-CF08-35E2-E4F4-E1301B7A8EAB}.Debug|Any CPU.Build.0 = Debug|Any CPU
		{405D88BE-CF08-35E2-E4F4-E1301B7A8EAB}.Release|Any CPU.ActiveCfg = Release|Any CPU
		{405D88BE-CF08-35E2-E4F4-E1301B7A8EAB}.Release|Any CPU.Build.0 = Release|Any CPU
	EndGlobalSection
	GlobalSection(SolutionProperties) = preSolution
		HideSolutionNode = FALSE
	EndGlobalSection
	GlobalSection(NestedProjects) = preSolution
		{DD7D6945-54A6-4190-8F49-46A189EE32CD} = {BA55B5E5-B0FD-465F-93F2-D73BD193AC86}
		{7F30866A-1B8B-40F1-8960-0E203EEDE225} = {BA55B5E5-B0FD-465F-93F2-D73BD193AC86}
		{4E206337-513B-4606-91D9-BA8CF14939CD} = {BA55B5E5-B0FD-465F-93F2-D73BD193AC86}
		{5DC1B6B6-264F-41EA-B079-5777F0503CDE} = {4E206337-513B-4606-91D9-BA8CF14939CD}
		{398D13B4-5014-4EEA-8AA8-0E709EE9DAA3} = {4E206337-513B-4606-91D9-BA8CF14939CD}
		{6C7097ED-8929-4F45-AF0F-E8253D981724} = {4E206337-513B-4606-91D9-BA8CF14939CD}
		{D2F7BC66-95ED-4228-9A6A-DCC2AC4E0F75} = {BA55B5E5-B0FD-465F-93F2-D73BD193AC86}
		{BB145CBE-97F1-463D-9432-1A8532F002D6} = {D2F7BC66-95ED-4228-9A6A-DCC2AC4E0F75}
		{BB4E453F-3EB9-45DB-8CDA-F69B095DBD75} = {D2F7BC66-95ED-4228-9A6A-DCC2AC4E0F75}
		{DAF81AD1-CD50-4376-B4C7-A9EFF12D933E} = {D2F7BC66-95ED-4228-9A6A-DCC2AC4E0F75}
		{9320AAC2-533C-40AA-B35B-1CDEBFCE62CA} = {BA55B5E5-B0FD-465F-93F2-D73BD193AC86}
		{4D1F9342-05C3-4B51-A466-D2B70951147F} = {9320AAC2-533C-40AA-B35B-1CDEBFCE62CA}
		{5E472017-3D7D-4872-8A55-81C4D45E385D} = {9320AAC2-533C-40AA-B35B-1CDEBFCE62CA}
		{F5B32A1E-9AE6-4802-A2F7-FFE52022874B} = {9320AAC2-533C-40AA-B35B-1CDEBFCE62CA}
		{DA3CCD70-A89E-4B36-987A-8468764E35B2} = {BA55B5E5-B0FD-465F-93F2-D73BD193AC86}
		{42328B54-C615-4EE3-A50F-DBB7FF37227B} = {DA3CCD70-A89E-4B36-987A-8468764E35B2}
		{6126DB87-FA2A-4A34-9CAF-4FBC866BA92C} = {DA3CCD70-A89E-4B36-987A-8468764E35B2}
		{64501AB3-0DE5-4972-904C-539467140363} = {BA55B5E5-B0FD-465F-93F2-D73BD193AC86}
		{6C9E0956-133B-47C3-9F24-4D17F134CCDF} = {64501AB3-0DE5-4972-904C-539467140363}
		{AF8BC6D8-91AF-41EB-8247-975D7632B851} = {64501AB3-0DE5-4972-904C-539467140363}
		{48E9A9FD-5F8B-4F1C-B8E1-07139E5211EA} = {64501AB3-0DE5-4972-904C-539467140363}
		{A33CCE5D-41AA-4846-80D0-608EC7832250} = {BA55B5E5-B0FD-465F-93F2-D73BD193AC86}
		{ED304EA2-C78E-4541-A168-A7E7E90CCD8E} = {A33CCE5D-41AA-4846-80D0-608EC7832250}
		{C58519A3-6DB8-4D21-BB96-94D8F047A2BF} = {A33CCE5D-41AA-4846-80D0-608EC7832250}
		{CCD84DE9-A0CE-4E78-977C-2A49258B9367} = {A33CCE5D-41AA-4846-80D0-608EC7832250}
		{136E1275-DD8F-4607-B62E-CCAB3F14CE8F} = {BA55B5E5-B0FD-465F-93F2-D73BD193AC86}
		{7FECD315-6E2B-4DEA-9E3B-2EAEBDA1393E} = {136E1275-DD8F-4607-B62E-CCAB3F14CE8F}
		{3363E86D-5FBF-4088-881E-AC96753AE018} = {136E1275-DD8F-4607-B62E-CCAB3F14CE8F}
		{52F2849B-2C10-4172-AE60-4887C45E3D4C} = {136E1275-DD8F-4607-B62E-CCAB3F14CE8F}
		{47904CA0-14FA-4295-B8F9-32FC3E5E6483} = {DA3CCD70-A89E-4B36-987A-8468764E35B2}
		{CE982ADA-973C-4179-B20D-0B35B793C70A} = {BA55B5E5-B0FD-465F-93F2-D73BD193AC86}
		{6235EA3F-9921-4B3C-93EF-A0C39A397FAC} = {CE982ADA-973C-4179-B20D-0B35B793C70A}
		{12BCEEF7-38A9-4465-8A6C-43AF970C7694} = {CE982ADA-973C-4179-B20D-0B35B793C70A}
		{C3BE7EDA-112E-42E5-9799-9A8031D413D0} = {BA55B5E5-B0FD-465F-93F2-D73BD193AC86}
		{4A34FF60-88E7-4C37-856B-7FF74BBB1637} = {C3BE7EDA-112E-42E5-9799-9A8031D413D0}
		{FF8DE829-124B-49E9-A863-1C0C47D21BD9} = {C3BE7EDA-112E-42E5-9799-9A8031D413D0}
		{58B56043-18BD-4232-A972-CF5050C0F9A1} = {C3BE7EDA-112E-42E5-9799-9A8031D413D0}
		{9D9EC449-F1E3-4111-941B-5CAE1FF14C36} = {BA55B5E5-B0FD-465F-93F2-D73BD193AC86}
		{50BF2843-037C-4205-962D-AA04731C5171} = {9D9EC449-F1E3-4111-941B-5CAE1FF14C36}
		{74FD20AE-AD62-42C8-96AE-74898488F0C8} = {9D9EC449-F1E3-4111-941B-5CAE1FF14C36}
		{0682DD54-90A8-449D-80DC-19A025F2A621} = {9D9EC449-F1E3-4111-941B-5CAE1FF14C36}
		{BD03AF87-564B-4375-877D-29E1D68743EA} = {BA55B5E5-B0FD-465F-93F2-D73BD193AC86}
		{C745AECC-E95B-4B3D-85FE-8DF3E4BE9106} = {BD03AF87-564B-4375-877D-29E1D68743EA}
		{8F8C71F5-CACB-4015-A288-BE58F9065376} = {BD03AF87-564B-4375-877D-29E1D68743EA}
		{F885BC75-56EE-4B2D-BAD1-AD9B727766A2} = {BD03AF87-564B-4375-877D-29E1D68743EA}
		{30491D9B-EC82-43CD-A16F-A642FCA144A5} = {BA55B5E5-B0FD-465F-93F2-D73BD193AC86}
		{2B1DC1B2-1145-447B-A8EB-76B3DC2AA1E6} = {30491D9B-EC82-43CD-A16F-A642FCA144A5}
		{9FA45274-9E07-4B06-ACC2-DD6E360A8564} = {30491D9B-EC82-43CD-A16F-A642FCA144A5}
		{B704639F-576A-4458-838C-90AB8F6EEA23} = {30491D9B-EC82-43CD-A16F-A642FCA144A5}
		{02EA681E-C7D8-13C7-8484-4AC65E1B71E8} = {BA55B5E5-B0FD-465F-93F2-D73BD193AC86}
		{C6A6E09A-1201-49CE-A93C-536B830EABD5} = {02EA681E-C7D8-13C7-8484-4AC65E1B71E8}
		{1AB37FD0-4861-CD65-156F-EDAFE9F6885F} = {02EA681E-C7D8-13C7-8484-4AC65E1B71E8}
		{405D88BE-CF08-35E2-E4F4-E1301B7A8EAB} = {02EA681E-C7D8-13C7-8484-4AC65E1B71E8}
	EndGlobalSection
	GlobalSection(ExtensibilityGlobals) = postSolution
		SolutionGuid = {CECC9C6B-8041-49A1-B7FD-DC89264B7393}
	EndGlobalSection
	GlobalSection(SharedMSBuildProjectFiles) = preSolution
		src\AAAAAAAAAAAA.Core\AAAAAAAAAAAA.Core.projitems*{0682dd54-90a8-449d-80dc-19a025f2a621}*SharedItemsImports = 5
		src\Common.Core\Common.Core.projitems*{0682dd54-90a8-449d-80dc-19a025f2a621}*SharedItemsImports = 5
		src\Common.Core\Common.Core.projitems*{12bceef7-38a9-4465-8a6c-43af970c7694}*SharedItemsImports = 5
		src\KKShadowPatcher.Core\KKShadowPatcher.Core.projitems*{12bceef7-38a9-4465-8a6c-43af970c7694}*SharedItemsImports = 5
		src\Common.Core\Common.Core.projitems*{1ab37fd0-4861-cd65-156f-edafe9f6885f}*SharedItemsImports = 5
		src\ViewpointSwitching.Core\ViewpointSwitching.Core.projitems*{1ab37fd0-4861-cd65-156f-edafe9f6885f}*SharedItemsImports = 5
		src\CursorIndicator.Core\CursorIndicator.Core.projitems*{2b1dc1b2-1145-447b-a8eb-76b3dc2aa1e6}*SharedItemsImports = 13
		src\Common.Core\Common.Core.projitems*{3363e86d-5fbf-4088-881e-ac96753ae018}*SharedItemsImports = 5
		src\LightSettings.Core\LightSettings.Core.projitems*{3363e86d-5fbf-4088-881e-ac96753ae018}*SharedItemsImports = 5
		src\Common.Core\Common.Core.projitems*{398d13b4-5014-4eea-8aa8-0e709ee9daa3}*SharedItemsImports = 5
		src\LightToggler.Core\LightToggler.Core.projitems*{398d13b4-5014-4eea-8aa8-0e709ee9daa3}*SharedItemsImports = 5
		src\Common.Core\Common.Core.projitems*{405d88be-cf08-35e2-e4f4-e1301b7a8eab}*SharedItemsImports = 5
		src\ViewpointSwitching.Core\ViewpointSwitching.Core.projitems*{405d88be-cf08-35e2-e4f4-e1301b7a8eab}*SharedItemsImports = 5
		src\ShaderFixer.Core\ShaderFixer.Core.projitems*{42328b54-c615-4ee3-a50f-dbb7ff37227b}*SharedItemsImports = 13
		src\Common.Core\Common.Core.projitems*{47904ca0-14fa-4295-b8f9-32fc3e5e6483}*SharedItemsImports = 5
		src\ShaderFixer.Core\ShaderFixer.Core.projitems*{47904ca0-14fa-4295-b8f9-32fc3e5e6483}*SharedItemsImports = 5
		src\BetterScaling.Core\BetterScaling.Core.projitems*{48e9a9fd-5f8b-4f1c-b8e1-07139e5211ea}*SharedItemsImports = 5
		src\Common.Core\Common.Core.projitems*{48e9a9fd-5f8b-4f1c-b8e1-07139e5211ea}*SharedItemsImports = 5
		src\Performancer.Core\Performancer.Core.projitems*{4a34ff60-88e7-4c37-856b-7ff74bbb1637}*SharedItemsImports = 13
		src\AxisUnlocker.Core\AxisUnlocker.Core.projitems*{4d1f9342-05c3-4b51-a466-d2b70951147f}*SharedItemsImports = 13
		src\AAAAAAAAAAAA.Core\AAAAAAAAAAAA.Core.projitems*{50bf2843-037c-4205-962d-aa04731c5171}*SharedItemsImports = 13
		src\Common.Core\Common.Core.projitems*{52f2849b-2c10-4172-ae60-4887c45e3d4c}*SharedItemsImports = 5
		src\LightSettings.Core\LightSettings.Core.projitems*{52f2849b-2c10-4172-ae60-4887c45e3d4c}*SharedItemsImports = 5
		src\Common.Core\Common.Core.projitems*{58b56043-18bd-4232-a972-cf5050c0f9a1}*SharedItemsImports = 5
		src\Performancer.Core\Performancer.Core.projitems*{58b56043-18bd-4232-a972-cf5050c0f9a1}*SharedItemsImports = 5
		src\LightToggler.Core\LightToggler.Core.projitems*{5dc1b6b6-264f-41ea-b079-5777f0503cde}*SharedItemsImports = 13
		src\AxisUnlocker.Core\AxisUnlocker.Core.projitems*{5e472017-3d7d-4872-8a55-81c4d45e385d}*SharedItemsImports = 5
		src\Common.Core\Common.Core.projitems*{5e472017-3d7d-4872-8a55-81c4d45e385d}*SharedItemsImports = 5
		src\Common.Core\Common.Core.projitems*{6126db87-fa2a-4a34-9caf-4fbc866ba92c}*SharedItemsImports = 5
		src\ShaderFixer.Core\ShaderFixer.Core.projitems*{6126db87-fa2a-4a34-9caf-4fbc866ba92c}*SharedItemsImports = 5
		src\KKShadowPatcher.Core\KKShadowPatcher.Core.projitems*{6235ea3f-9921-4b3c-93ef-a0c39a397fac}*SharedItemsImports = 13
		src\Common.Core\Common.Core.projitems*{6c7097ed-8929-4f45-af0f-e8253d981724}*SharedItemsImports = 5
		src\LightToggler.Core\LightToggler.Core.projitems*{6c7097ed-8929-4f45-af0f-e8253d981724}*SharedItemsImports = 5
		src\BetterScaling.Core\BetterScaling.Core.projitems*{6c9e0956-133b-47c3-9f24-4d17f134ccdf}*SharedItemsImports = 13
		src\AAAAAAAAAAAA.Core\AAAAAAAAAAAA.Core.projitems*{74fd20ae-ad62-42c8-96ae-74898488f0c8}*SharedItemsImports = 5
		src\Common.Core\Common.Core.projitems*{74fd20ae-ad62-42c8-96ae-74898488f0c8}*SharedItemsImports = 5
		src\UIUtility\UIUtility.projitems*{7f30866a-1b8b-40f1-8960-0e203eede225}*SharedItemsImports = 13
		src\LightSettings.Core\LightSettings.Core.projitems*{7fecd315-6e2b-4dea-9e3b-2eaebda1393e}*SharedItemsImports = 13
		src\AccMover.Core\AccMover.Core.projitems*{8f8c71f5-cacb-4015-a288-be58f9065376}*SharedItemsImports = 5
		src\Common.Core\Common.Core.projitems*{8f8c71f5-cacb-4015-a288-be58f9065376}*SharedItemsImports = 5
		src\Common.Core\Common.Core.projitems*{9fa45274-9e07-4b06-acc2-dd6e360a8564}*SharedItemsImports = 5
		src\CursorIndicator.Core\CursorIndicator.Core.projitems*{9fa45274-9e07-4b06-acc2-dd6e360a8564}*SharedItemsImports = 5
		src\BetterScaling.Core\BetterScaling.Core.projitems*{af8bc6d8-91af-41eb-8247-975d7632b851}*SharedItemsImports = 5
		src\Common.Core\Common.Core.projitems*{af8bc6d8-91af-41eb-8247-975d7632b851}*SharedItemsImports = 5
		src\Common.Core\Common.Core.projitems*{b704639f-576a-4458-838c-90ab8f6eea23}*SharedItemsImports = 5
		src\CursorIndicator.Core\CursorIndicator.Core.projitems*{b704639f-576a-4458-838c-90ab8f6eea23}*SharedItemsImports = 5
		src\MassShaderEditor.Core\MassShaderEditor.Core.projitems*{bb145cbe-97f1-463d-9432-1a8532f002d6}*SharedItemsImports = 13
		src\Common.Core\Common.Core.projitems*{bb4e453f-3eb9-45db-8cda-f69b095dbd75}*SharedItemsImports = 5
		src\MassShaderEditor.Core\MassShaderEditor.Core.projitems*{bb4e453f-3eb9-45db-8cda-f69b095dbd75}*SharedItemsImports = 5
		src\Common.Core\Common.Core.projitems*{c58519a3-6db8-4d21-bb96-94d8f047a2bf}*SharedItemsImports = 5
		src\ExpressionControl.Core\ExpressionControl.Core.projitems*{c58519a3-6db8-4d21-bb96-94d8f047a2bf}*SharedItemsImports = 5
		src\ViewpointSwitching.Core\ViewpointSwitching.Core.projitems*{c6a6e09a-1201-49ce-a93c-536b830eabd5}*SharedItemsImports = 13
		src\AccMover.Core\AccMover.Core.projitems*{c745aecc-e95b-4b3d-85fe-8df3e4be9106}*SharedItemsImports = 13
		src\Common.Core\Common.Core.projitems*{ccd84de9-a0ce-4e78-977c-2a49258b9367}*SharedItemsImports = 5
		src\ExpressionControl.Core\ExpressionControl.Core.projitems*{ccd84de9-a0ce-4e78-977c-2a49258b9367}*SharedItemsImports = 5
		src\Common.Core\Common.Core.projitems*{daf81ad1-cd50-4376-b4c7-a9eff12d933e}*SharedItemsImports = 5
		src\MassShaderEditor.Core\MassShaderEditor.Core.projitems*{daf81ad1-cd50-4376-b4c7-a9eff12d933e}*SharedItemsImports = 5
		src\Common.Core\Common.Core.projitems*{dd7d6945-54a6-4190-8f49-46a189ee32cd}*SharedItemsImports = 13
		src\ExpressionControl.Core\ExpressionControl.Core.projitems*{ed304ea2-c78e-4541-a168-a7e7e90ccd8e}*SharedItemsImports = 13
		src\AxisUnlocker.Core\AxisUnlocker.Core.projitems*{f5b32a1e-9ae6-4802-a2f7-ffe52022874b}*SharedItemsImports = 5
		src\Common.Core\Common.Core.projitems*{f5b32a1e-9ae6-4802-a2f7-ffe52022874b}*SharedItemsImports = 5
		src\AccMover.Core\AccMover.Core.projitems*{f885bc75-56ee-4b2d-bad1-ad9b727766a2}*SharedItemsImports = 5
		src\Common.Core\Common.Core.projitems*{f885bc75-56ee-4b2d-bad1-ad9b727766a2}*SharedItemsImports = 5
		src\Common.Core\Common.Core.projitems*{ff8de829-124b-49e9-a863-1c0c47d21bd9}*SharedItemsImports = 5
		src\Performancer.Core\Performancer.Core.projitems*{ff8de829-124b-49e9-a863-1c0c47d21bd9}*SharedItemsImports = 5
	EndGlobalSection
EndGlobal
